
Microsoft Visual Studio Solution File, Format Version 12.00
# Visual Studio 14
VisualStudioVersion = 14.0.23107.0
MinimumVisualStudioVersion = 10.0.40219.1
Project("{FAE04EC0-301F-11D3-BF4B-00C04F79EFBC}") = "carApplication", "carApplication\carApplication.csproj", "{0D5F17A8-358B-4059-9CBF-835A6670C4CD}"
EndProject
Project("{FAE04EC0-301F-11D3-BF4B-00C04F79EFBC}") = "T1", "T1\T1.csproj", "{9D8A09E4-555D-41A1-831C-6CF13F5F3310}"
EndProject
Project("{FAE04EC0-301F-11D3-BF4B-00C04F79EFBC}") = "T4", "T4\T4.csproj", "{8CADDB81-154D-4471-A183-3BC567E037B3}"
EndProject
Project("{FAE04EC0-301F-11D3-BF4B-00C04F79EFBC}") = "T5", "T5\T5.csproj", "{045A91E2-C6EC-4CF4-8A0B-09F948C0BC25}"
EndProject
Global
	GlobalSection(SolutionConfigurationPlatforms) = preSolution
		Debug|Any CPU = Debug|Any CPU
		Release|Any CPU = Release|Any CPU
	EndGlobalSection
	GlobalSection(ProjectConfigurationPlatforms) = postSolution
		{0D5F17A8-358B-4059-9CBF-835A6670C4CD}.Debug|Any CPU.ActiveCfg = Debug|Any CPU
		{0D5F17A8-358B-4059-9CBF-835A6670C4CD}.Debug|Any CPU.Build.0 = Debug|Any CPU
		{0D5F17A8-358B-4059-9CBF-835A6670C4CD}.Release|Any CPU.ActiveCfg = Release|Any CPU
		{0D5F17A8-358B-4059-9CBF-835A6670C4CD}.Release|Any CPU.Build.0 = Release|Any CPU
		{9D8A09E4-555D-41A1-831C-6CF13F5F3310}.Debug|Any CPU.ActiveCfg = Debug|Any CPU
		{9D8A09E4-555D-41A1-831C-6CF13F5F3310}.Debug|Any CPU.Build.0 = Debug|Any CPU
		{9D8A09E4-555D-41A1-831C-6CF13F5F3310}.Release|Any CPU.ActiveCfg = Release|Any CPU
		{9D8A09E4-555D-41A1-831C-6CF13F5F3310}.Release|Any CPU.Build.0 = Release|Any CPU
		{8CADDB81-154D-4471-A183-3BC567E037B3}.Debug|Any CPU.ActiveCfg = Debug|Any CPU
		{8CADDB81-154D-4471-A183-3BC567E037B3}.Debug|Any CPU.Build.0 = Debug|Any CPU
		{8CADDB81-154D-4471-A183-3BC567E037B3}.Release|Any CPU.ActiveCfg = Release|Any CPU
		{8CADDB81-154D-4471-A183-3BC567E037B3}.Release|Any CPU.Build.0 = Release|Any CPU
		{045A91E2-C6EC-4CF4-8A0B-09F948C0BC25}.Debug|Any CPU.ActiveCfg = Debug|Any CPU
		{045A91E2-C6EC-4CF4-8A0B-09F948C0BC25}.Debug|Any CPU.Build.0 = Debug|Any CPU
		{045A91E2-C6EC-4CF4-8A0B-09F948C0BC25}.Release|Any CPU.ActiveCfg = Release|Any CPU
		{045A91E2-C6EC-4CF4-8A0B-09F948C0BC25}.Release|Any CPU.Build.0 = Release|Any CPU
	EndGlobalSection
	GlobalSection(SolutionProperties) = preSolution
		HideSolutionNode = FALSE
	EndGlobalSection
EndGlobal
